
Microsoft Visual Studio Solution File, Format Version 12.00
# Visual Studio Version 17
VisualStudioVersion = 17.5.33530.505
MinimumVisualStudioVersion = 10.0.40219.1
Project("{FAE04EC0-301F-11D3-BF4B-00C04F79EFBC}") = "BlockWebsitePOC", "BlockWebsitePOC\BlockWebsitePOC.csproj", "{2168CB6D-A5EE-40DB-8B2A-2EF132505813}"
EndProject
Global
	GlobalSection(SolutionConfigurationPlatforms) = preSolution
		Debug|Any CPU = Debug|Any CPU
		Release|Any CPU = Release|Any CPU
	EndGlobalSection
	GlobalSection(ProjectConfigurationPlatforms) = postSolution
		{2168CB6D-A5EE-40DB-8B2A-2EF132505813}.Debug|Any CPU.ActiveCfg = Debug|Any CPU
		{2168CB6D-A5EE-40DB-8B2A-2EF132505813}.Debug|Any CPU.Build.0 = Debug|Any CPU
		{2168CB6D-A5EE-40DB-8B2A-2EF132505813}.Release|Any CPU.ActiveCfg = Release|Any CPU
		{2168CB6D-A5EE-40DB-8B2A-2EF132505813}.Release|Any CPU.Build.0 = Release|Any CPU
	EndGlobalSection
	GlobalSection(SolutionProperties) = preSolution
		HideSolutionNode = FALSE
	EndGlobalSection
	GlobalSection(ExtensibilityGlobals) = postSolution
		SolutionGuid = {08B85DC0-61A7-4CE8-9BBA-C8BEF66C471A}
	EndGlobalSection
EndGlobal
